
Microsoft Visual Studio Solution File, Format Version 12.00
# Visual Studio Version 16
VisualStudioVersion = 16.0.29318.209
MinimumVisualStudioVersion = 10.0.40219.1
Project("{FAE04EC0-301F-11D3-BF4B-00C04F79EFBC}") = "SportsStore.Domain", "SportsStore.Domain\SportsStore.Domain.csproj", "{A23A7F94-4846-43CA-9513-6F6A3AA35DED}"
EndProject
Project("{FAE04EC0-301F-11D3-BF4B-00C04F79EFBC}") = "SportsStore.Tests", "SportsStore.Tests\SportsStore.Tests.csproj", "{0FD7C702-082F-430A-9313-A5CF3F8CD3F7}"
EndProject
Project("{FAE04EC0-301F-11D3-BF4B-00C04F79EFBC}") = "SportsStore.Web_1", "SportsStore.Web_1\SportsStore.Web_1.csproj", "{C665CA61-915F-46FE-A796-8C23C00F2B79}"
EndProject
Global
	GlobalSection(SolutionConfigurationPlatforms) = preSolution
		Debug|Any CPU = Debug|Any CPU
		Release|Any CPU = Release|Any CPU
	EndGlobalSection
	GlobalSection(ProjectConfigurationPlatforms) = postSolution
		{A23A7F94-4846-43CA-9513-6F6A3AA35DED}.Debug|Any CPU.ActiveCfg = Debug|Any CPU
		{A23A7F94-4846-43CA-9513-6F6A3AA35DED}.Debug|Any CPU.Build.0 = Debug|Any CPU
		{A23A7F94-4846-43CA-9513-6F6A3AA35DED}.Release|Any CPU.ActiveCfg = Release|Any CPU
		{A23A7F94-4846-43CA-9513-6F6A3AA35DED}.Release|Any CPU.Build.0 = Release|Any CPU
		{0FD7C702-082F-430A-9313-A5CF3F8CD3F7}.Debug|Any CPU.ActiveCfg = Debug|Any CPU
		{0FD7C702-082F-430A-9313-A5CF3F8CD3F7}.Debug|Any CPU.Build.0 = Debug|Any CPU
		{0FD7C702-082F-430A-9313-A5CF3F8CD3F7}.Release|Any CPU.ActiveCfg = Release|Any CPU
		{0FD7C702-082F-430A-9313-A5CF3F8CD3F7}.Release|Any CPU.Build.0 = Release|Any CPU
		{C665CA61-915F-46FE-A796-8C23C00F2B79}.Debug|Any CPU.ActiveCfg = Debug|Any CPU
		{C665CA61-915F-46FE-A796-8C23C00F2B79}.Debug|Any CPU.Build.0 = Debug|Any CPU
		{C665CA61-915F-46FE-A796-8C23C00F2B79}.Release|Any CPU.ActiveCfg = Release|Any CPU
		{C665CA61-915F-46FE-A796-8C23C00F2B79}.Release|Any CPU.Build.0 = Release|Any CPU
	EndGlobalSection
	GlobalSection(SolutionProperties) = preSolution
		HideSolutionNode = FALSE
	EndGlobalSection
	GlobalSection(ExtensibilityGlobals) = postSolution
		SolutionGuid = {E0B3CFF4-64EE-452F-AACC-FEB92CA76C0C}
	EndGlobalSection
EndGlobal
